// !$*UTF8*$!
{
	archiveVersion = 1;
	classes = {
	};
	objectVersion = 46;
	objects = {

/* Begin PBXBuildFile section */
		A8070E831492FEDE00167ABD /* SSRunController.m in Sources */ = {isa = PBXBuildFile; fileRef = A8070E821492FEDE00167ABD /* SSRunController.m */; };
		A816D84014983DF900EBA19B /* SSSplit.m in Sources */ = {isa = PBXBuildFile; fileRef = A816D83F14983DF900EBA19B /* SSSplit.m */; };
		A816D8471499D2F700EBA19B /* SSBlackView.m in Sources */ = {isa = PBXBuildFile; fileRef = A816D8461499D2F600EBA19B /* SSBlackView.m */; };
		A82F31DA148F694E00DDEBF2 /* MainWindow.xib in Resources */ = {isa = PBXBuildFile; fileRef = A82F31D9148F694E00DDEBF2 /* MainWindow.xib */; };
		A82F31DE148F772100DDEBF2 /* SSTimeIntervalFormatter.m in Sources */ = {isa = PBXBuildFile; fileRef = A82F31DD148F772100DDEBF2 /* SSTimeIntervalFormatter.m */; };
		A82F31EE1490820900DDEBF2 /* SSWindowImageSource.m in Sources */ = {isa = PBXBuildFile; fileRef = A82F31ED1490820900DDEBF2 /* SSWindowImageSource.m */; };
		A82F31F91490948C00DDEBF2 /* SSDebugWindowController.m in Sources */ = {isa = PBXBuildFile; fileRef = A82F31F81490948C00DDEBF2 /* SSDebugWindowController.m */; };
		A82F31FE1490953500DDEBF2 /* DebugWindow.xib in Resources */ = {isa = PBXBuildFile; fileRef = A82F31FD1490953500DDEBF2 /* DebugWindow.xib */; };
		A82F32471490B87500DDEBF2 /* Super Splits.xcdatamodeld in Sources */ = {isa = PBXBuildFile; fileRef = A82F32451490B87500DDEBF2 /* Super Splits.xcdatamodeld */; };
		A82F32491490BBC300DDEBF2 /* HistoryWindow.xib in Resources */ = {isa = PBXBuildFile; fileRef = A82F32481490BBC300DDEBF2 /* HistoryWindow.xib */; };
		A82F324C1490BF8900DDEBF2 /* SSHistoryWindowController.m in Sources */ = {isa = PBXBuildFile; fileRef = A82F324B1490BF8900DDEBF2 /* SSHistoryWindowController.m */; };
		A82F324F1490C01000DDEBF2 /* SSCoreDataController.m in Sources */ = {isa = PBXBuildFile; fileRef = A82F324E1490C01000DDEBF2 /* SSCoreDataController.m */; };
		A839FA98149364600003B4B1 /* SSTimeDeltaFormatter.m in Sources */ = {isa = PBXBuildFile; fileRef = A839FA97149364600003B4B1 /* SSTimeDeltaFormatter.m */; };
		A839FAA4149404C30003B4B1 /* SSMetroidFrame.m in Sources */ = {isa = PBXBuildFile; fileRef = A839FAA3149404C30003B4B1 /* SSMetroidFrame.m */; };
		A83C4028148F0B8C00308FD4 /* Cocoa.framework in Frameworks */ = {isa = PBXBuildFile; fileRef = A83C4027148F0B8C00308FD4 /* Cocoa.framework */; };
		A83C4032148F0B8C00308FD4 /* InfoPlist.strings in Resources */ = {isa = PBXBuildFile; fileRef = A83C4030148F0B8C00308FD4 /* InfoPlist.strings */; };
		A83C4034148F0B8C00308FD4 /* main.m in Sources */ = {isa = PBXBuildFile; fileRef = A83C4033148F0B8C00308FD4 /* main.m */; };
		A83C4038148F0B8C00308FD4 /* Credits.rtf in Resources */ = {isa = PBXBuildFile; fileRef = A83C4036148F0B8C00308FD4 /* Credits.rtf */; };
		A83C403B148F0B8C00308FD4 /* SSAppDelegate.m in Sources */ = {isa = PBXBuildFile; fileRef = A83C403A148F0B8C00308FD4 /* SSAppDelegate.m */; };
		A83C403E148F0B8D00308FD4 /* MainMenu.xib in Resources */ = {isa = PBXBuildFile; fileRef = A83C403C148F0B8D00308FD4 /* MainMenu.xib */; };
		A83C4046148F0B8D00308FD4 /* SenTestingKit.framework in Frameworks */ = {isa = PBXBuildFile; fileRef = A83C4045148F0B8D00308FD4 /* SenTestingKit.framework */; };
		A83C4047148F0B8D00308FD4 /* Cocoa.framework in Frameworks */ = {isa = PBXBuildFile; fileRef = A83C4027148F0B8C00308FD4 /* Cocoa.framework */; };
		A83C404F148F0B8D00308FD4 /* InfoPlist.strings in Resources */ = {isa = PBXBuildFile; fileRef = A83C404D148F0B8D00308FD4 /* InfoPlist.strings */; };
		A83C4052148F0B8D00308FD4 /* Super_SplitsTests.m in Sources */ = {isa = PBXBuildFile; fileRef = A83C4051148F0B8D00308FD4 /* Super_SplitsTests.m */; };
		A83C4061148F311200308FD4 /* SSMainController.m in Sources */ = {isa = PBXBuildFile; fileRef = A83C4060148F311200308FD4 /* SSMainController.m */; };
		A83C4079148F688400308FD4 /* SSTimerWindowController.m in Sources */ = {isa = PBXBuildFile; fileRef = A83C4078148F688300308FD4 /* SSTimerWindowController.m */; };
		A887054B14901946002482E8 /* icon.icns in Resources */ = {isa = PBXBuildFile; fileRef = A887054A14901946002482E8 /* icon.icns */; };
		B929E80E14908626009EB322 /* Carbon.framework in Frameworks */ = {isa = PBXBuildFile; fileRef = B929E80D14908626009EB322 /* Carbon.framework */; };
/* End PBXBuildFile section */

/* Begin PBXContainerItemProxy section */
		A83C4048148F0B8D00308FD4 /* PBXContainerItemProxy */ = {
			isa = PBXContainerItemProxy;
			containerPortal = A83C401A148F0B8C00308FD4 /* Project object */;
			proxyType = 1;
			remoteGlobalIDString = A83C4022148F0B8C00308FD4;
			remoteInfo = "Super Splits";
		};
/* End PBXContainerItemProxy section */

/* Begin PBXFileReference section */
		A8070E811492FEDE00167ABD /* SSRunController.h */ = {isa = PBXFileReference; fileEncoding = 4; lastKnownFileType = sourcecode.c.h; path = SSRunController.h; sourceTree = "<group>"; };
		A8070E821492FEDE00167ABD /* SSRunController.m */ = {isa = PBXFileReference; fileEncoding = 4; lastKnownFileType = sourcecode.c.objc; path = SSRunController.m; sourceTree = "<group>"; };
		A816D83E14983DF900EBA19B /* SSSplit.h */ = {isa = PBXFileReference; fileEncoding = 4; lastKnownFileType = sourcecode.c.h; path = SSSplit.h; sourceTree = "<group>"; };
		A816D83F14983DF900EBA19B /* SSSplit.m */ = {isa = PBXFileReference; fileEncoding = 4; lastKnownFileType = sourcecode.c.objc; path = SSSplit.m; sourceTree = "<group>"; };
		A816D8451499D2F600EBA19B /* SSBlackView.h */ = {isa = PBXFileReference; fileEncoding = 4; lastKnownFileType = sourcecode.c.h; path = SSBlackView.h; sourceTree = "<group>"; };
		A816D8461499D2F600EBA19B /* SSBlackView.m */ = {isa = PBXFileReference; fileEncoding = 4; lastKnownFileType = sourcecode.c.objc; path = SSBlackView.m; sourceTree = "<group>"; };
		A82F31D9148F694E00DDEBF2 /* MainWindow.xib */ = {isa = PBXFileReference; fileEncoding = 4; lastKnownFileType = file.xib; path = MainWindow.xib; sourceTree = "<group>"; };
		A82F31DC148F772100DDEBF2 /* SSTimeIntervalFormatter.h */ = {isa = PBXFileReference; fileEncoding = 4; lastKnownFileType = sourcecode.c.h; path = SSTimeIntervalFormatter.h; sourceTree = "<group>"; };
		A82F31DD148F772100DDEBF2 /* SSTimeIntervalFormatter.m */ = {isa = PBXFileReference; fileEncoding = 4; lastKnownFileType = sourcecode.c.objc; path = SSTimeIntervalFormatter.m; sourceTree = "<group>"; };
		A82F31EC1490820900DDEBF2 /* SSWindowImageSource.h */ = {isa = PBXFileReference; fileEncoding = 4; lastKnownFileType = sourcecode.c.h; path = SSWindowImageSource.h; sourceTree = "<group>"; };
		A82F31ED1490820900DDEBF2 /* SSWindowImageSource.m */ = {isa = PBXFileReference; fileEncoding = 4; lastKnownFileType = sourcecode.c.objc; path = SSWindowImageSource.m; sourceTree = "<group>"; };
		A82F31F71490948C00DDEBF2 /* SSDebugWindowController.h */ = {isa = PBXFileReference; fileEncoding = 4; lastKnownFileType = sourcecode.c.h; path = SSDebugWindowController.h; sourceTree = "<group>"; };
		A82F31F81490948C00DDEBF2 /* SSDebugWindowController.m */ = {isa = PBXFileReference; fileEncoding = 4; lastKnownFileType = sourcecode.c.objc; path = SSDebugWindowController.m; sourceTree = "<group>"; };
		A82F31FD1490953500DDEBF2 /* DebugWindow.xib */ = {isa = PBXFileReference; fileEncoding = 4; lastKnownFileType = file.xib; path = DebugWindow.xib; sourceTree = "<group>"; };
		A82F32461490B87500DDEBF2 /* Super Splits.xcdatamodel */ = {isa = PBXFileReference; lastKnownFileType = wrapper.xcdatamodel; path = "Super Splits.xcdatamodel"; sourceTree = "<group>"; };
		A82F32481490BBC300DDEBF2 /* HistoryWindow.xib */ = {isa = PBXFileReference; fileEncoding = 4; lastKnownFileType = file.xib; path = HistoryWindow.xib; sourceTree = "<group>"; };
		A82F324A1490BF8800DDEBF2 /* SSHistoryWindowController.h */ = {isa = PBXFileReference; fileEncoding = 4; lastKnownFileType = sourcecode.c.h; path = SSHistoryWindowController.h; sourceTree = "<group>"; };
		A82F324B1490BF8900DDEBF2 /* SSHistoryWindowController.m */ = {isa = PBXFileReference; fileEncoding = 4; lastKnownFileType = sourcecode.c.objc; path = SSHistoryWindowController.m; sourceTree = "<group>"; };
		A82F324D1490C01000DDEBF2 /* SSCoreDataController.h */ = {isa = PBXFileReference; fileEncoding = 4; lastKnownFileType = sourcecode.c.h; path = SSCoreDataController.h; sourceTree = "<group>"; };
		A82F324E1490C01000DDEBF2 /* SSCoreDataController.m */ = {isa = PBXFileReference; fileEncoding = 4; lastKnownFileType = sourcecode.c.objc; path = SSCoreDataController.m; sourceTree = "<group>"; };
		A839FA96149364600003B4B1 /* SSTimeDeltaFormatter.h */ = {isa = PBXFileReference; fileEncoding = 4; lastKnownFileType = sourcecode.c.h; path = SSTimeDeltaFormatter.h; sourceTree = "<group>"; };
		A839FA97149364600003B4B1 /* SSTimeDeltaFormatter.m */ = {isa = PBXFileReference; fileEncoding = 4; lastKnownFileType = sourcecode.c.objc; path = SSTimeDeltaFormatter.m; sourceTree = "<group>"; };
		A839FAA2149404C30003B4B1 /* SSMetroidFrame.h */ = {isa = PBXFileReference; fileEncoding = 4; lastKnownFileType = sourcecode.c.h; path = SSMetroidFrame.h; sourceTree = "<group>"; };
		A839FAA3149404C30003B4B1 /* SSMetroidFrame.m */ = {isa = PBXFileReference; fileEncoding = 4; lastKnownFileType = sourcecode.c.objc; path = SSMetroidFrame.m; sourceTree = "<group>"; };
		A83C4023148F0B8C00308FD4 /* Super Splits.app */ = {isa = PBXFileReference; explicitFileType = wrapper.application; includeInIndex = 0; path = "Super Splits.app"; sourceTree = BUILT_PRODUCTS_DIR; };
		A83C4027148F0B8C00308FD4 /* Cocoa.framework */ = {isa = PBXFileReference; lastKnownFileType = wrapper.framework; name = Cocoa.framework; path = System/Library/Frameworks/Cocoa.framework; sourceTree = SDKROOT; };
		A83C402A148F0B8C00308FD4 /* AppKit.framework */ = {isa = PBXFileReference; lastKnownFileType = wrapper.framework; name = AppKit.framework; path = System/Library/Frameworks/AppKit.framework; sourceTree = SDKROOT; };
		A83C402B148F0B8C00308FD4 /* CoreData.framework */ = {isa = PBXFileReference; lastKnownFileType = wrapper.framework; name = CoreData.framework; path = System/Library/Frameworks/CoreData.framework; sourceTree = SDKROOT; };
		A83C402C148F0B8C00308FD4 /* Foundation.framework */ = {isa = PBXFileReference; lastKnownFileType = wrapper.framework; name = Foundation.framework; path = System/Library/Frameworks/Foundation.framework; sourceTree = SDKROOT; };
		A83C402F148F0B8C00308FD4 /* Super Splits-Info.plist */ = {isa = PBXFileReference; lastKnownFileType = text.plist.xml; path = "Super Splits-Info.plist"; sourceTree = "<group>"; };
		A83C4031148F0B8C00308FD4 /* en */ = {isa = PBXFileReference; lastKnownFileType = text.plist.strings; name = en; path = en.lproj/InfoPlist.strings; sourceTree = "<group>"; };
		A83C4033148F0B8C00308FD4 /* main.m */ = {isa = PBXFileReference; lastKnownFileType = sourcecode.c.objc; path = main.m; sourceTree = "<group>"; };
		A83C4035148F0B8C00308FD4 /* Super Splits-Prefix.pch */ = {isa = PBXFileReference; lastKnownFileType = sourcecode.c.h; path = "Super Splits-Prefix.pch"; sourceTree = "<group>"; };
		A83C4037148F0B8C00308FD4 /* en */ = {isa = PBXFileReference; lastKnownFileType = text.rtf; name = en; path = en.lproj/Credits.rtf; sourceTree = "<group>"; };
		A83C4039148F0B8C00308FD4 /* SSAppDelegate.h */ = {isa = PBXFileReference; lastKnownFileType = sourcecode.c.h; path = SSAppDelegate.h; sourceTree = "<group>"; };
		A83C403A148F0B8C00308FD4 /* SSAppDelegate.m */ = {isa = PBXFileReference; lastKnownFileType = sourcecode.c.objc; path = SSAppDelegate.m; sourceTree = "<group>"; };
		A83C403D148F0B8D00308FD4 /* en */ = {isa = PBXFileReference; lastKnownFileType = file.xib; name = en; path = en.lproj/MainMenu.xib; sourceTree = "<group>"; };
		A83C4044148F0B8D00308FD4 /* Super SplitsTests.octest */ = {isa = PBXFileReference; explicitFileType = wrapper.cfbundle; includeInIndex = 0; path = "Super SplitsTests.octest"; sourceTree = BUILT_PRODUCTS_DIR; };
		A83C4045148F0B8D00308FD4 /* SenTestingKit.framework */ = {isa = PBXFileReference; lastKnownFileType = wrapper.framework; name = SenTestingKit.framework; path = Library/Frameworks/SenTestingKit.framework; sourceTree = DEVELOPER_DIR; };
		A83C404C148F0B8D00308FD4 /* Super SplitsTests-Info.plist */ = {isa = PBXFileReference; lastKnownFileType = text.plist.xml; path = "Super SplitsTests-Info.plist"; sourceTree = "<group>"; };
		A83C404E148F0B8D00308FD4 /* en */ = {isa = PBXFileReference; lastKnownFileType = text.plist.strings; name = en; path = en.lproj/InfoPlist.strings; sourceTree = "<group>"; };
		A83C4050148F0B8D00308FD4 /* Super_SplitsTests.h */ = {isa = PBXFileReference; lastKnownFileType = sourcecode.c.h; path = Super_SplitsTests.h; sourceTree = "<group>"; };
		A83C4051148F0B8D00308FD4 /* Super_SplitsTests.m */ = {isa = PBXFileReference; lastKnownFileType = sourcecode.c.objc; path = Super_SplitsTests.m; sourceTree = "<group>"; };
		A83C405F148F30FA00308FD4 /* SSMainController.h */ = {isa = PBXFileReference; fileEncoding = 4; lastKnownFileType = sourcecode.c.h; path = SSMainController.h; sourceTree = "<group>"; };
		A83C4060148F311200308FD4 /* SSMainController.m */ = {isa = PBXFileReference; fileEncoding = 4; lastKnownFileType = sourcecode.c.objc; path = SSMainController.m; sourceTree = "<group>"; };
		A83C4077148F688300308FD4 /* SSTimerWindowController.h */ = {isa = PBXFileReference; fileEncoding = 4; lastKnownFileType = sourcecode.c.h; path = SSTimerWindowController.h; sourceTree = "<group>"; };
		A83C4078148F688300308FD4 /* SSTimerWindowController.m */ = {isa = PBXFileReference; fileEncoding = 4; lastKnownFileType = sourcecode.c.objc; path = SSTimerWindowController.m; sourceTree = "<group>"; };
		A887054A14901946002482E8 /* icon.icns */ = {isa = PBXFileReference; lastKnownFileType = image.icns; path = icon.icns; sourceTree = "<group>"; };
		B929E80D14908626009EB322 /* Carbon.framework */ = {isa = PBXFileReference; lastKnownFileType = wrapper.framework; name = Carbon.framework; path = System/Library/Frameworks/Carbon.framework; sourceTree = SDKROOT; };
/* End PBXFileReference section */

/* Begin PBXFrameworksBuildPhase section */
		A83C4020148F0B8C00308FD4 /* Frameworks */ = {
			isa = PBXFrameworksBuildPhase;
			buildActionMask = 2147483647;
			files = (
				A83C4028148F0B8C00308FD4 /* Cocoa.framework in Frameworks */,
				B929E80E14908626009EB322 /* Carbon.framework in Frameworks */,
			);
			runOnlyForDeploymentPostprocessing = 0;
		};
		A83C4040148F0B8D00308FD4 /* Frameworks */ = {
			isa = PBXFrameworksBuildPhase;
			buildActionMask = 2147483647;
			files = (
				A83C4046148F0B8D00308FD4 /* SenTestingKit.framework in Frameworks */,
				A83C4047148F0B8D00308FD4 /* Cocoa.framework in Frameworks */,
			);
			runOnlyForDeploymentPostprocessing = 0;
		};
/* End PBXFrameworksBuildPhase section */

/* Begin PBXGroup section */
		A82F31FA149094A700DDEBF2 /* Model */ = {
			isa = PBXGroup;
			children = (
				A8070E811492FEDE00167ABD /* SSRunController.h */,
				A8070E821492FEDE00167ABD /* SSRunController.m */,
				A82F32451490B87500DDEBF2 /* Super Splits.xcdatamodeld */,
				A816D83E14983DF900EBA19B /* SSSplit.h */,
				A816D83F14983DF900EBA19B /* SSSplit.m */,
			);
			name = Model;
			sourceTree = "<group>";
		};
		A82F31FB149094CC00DDEBF2 /* View */ = {
			isa = PBXGroup;
			children = (
				A82F31FD1490953500DDEBF2 /* DebugWindow.xib */,
				A82F32481490BBC300DDEBF2 /* HistoryWindow.xib */,
				A83C403C148F0B8D00308FD4 /* MainMenu.xib */,
				A82F31D9148F694E00DDEBF2 /* MainWindow.xib */,
				A839FA96149364600003B4B1 /* SSTimeDeltaFormatter.h */,
				A839FA97149364600003B4B1 /* SSTimeDeltaFormatter.m */,
				A82F31DC148F772100DDEBF2 /* SSTimeIntervalFormatter.h */,
				A82F31DD148F772100DDEBF2 /* SSTimeIntervalFormatter.m */,
				A816D8451499D2F600EBA19B /* SSBlackView.h */,
				A816D8461499D2F600EBA19B /* SSBlackView.m */,
			);
			name = View;
			sourceTree = "<group>";
		};
		A82F31FC149094DB00DDEBF2 /* Controller */ = {
			isa = PBXGroup;
			children = (
				A83C4039148F0B8C00308FD4 /* SSAppDelegate.h */,
				A83C403A148F0B8C00308FD4 /* SSAppDelegate.m */,
				A82F324D1490C01000DDEBF2 /* SSCoreDataController.h */,
				A82F324E1490C01000DDEBF2 /* SSCoreDataController.m */,
				A83C405F148F30FA00308FD4 /* SSMainController.h */,
				A83C4060148F311200308FD4 /* SSMainController.m */,
				A839FAA2149404C30003B4B1 /* SSMetroidFrame.h */,
				A839FAA3149404C30003B4B1 /* SSMetroidFrame.m */,
				A82F31EC1490820900DDEBF2 /* SSWindowImageSource.h */,
				A82F31ED1490820900DDEBF2 /* SSWindowImageSource.m */,
			);
			name = Controller;
			sourceTree = "<group>";
		};
		A82F32501490C7A700DDEBF2 /* Window Controllers */ = {
			isa = PBXGroup;
			children = (
				A82F31F71490948C00DDEBF2 /* SSDebugWindowController.h */,
				A82F31F81490948C00DDEBF2 /* SSDebugWindowController.m */,
				A82F324A1490BF8800DDEBF2 /* SSHistoryWindowController.h */,
				A82F324B1490BF8900DDEBF2 /* SSHistoryWindowController.m */,
				A83C4077148F688300308FD4 /* SSTimerWindowController.h */,
				A83C4078148F688300308FD4 /* SSTimerWindowController.m */,
			);
			name = "Window Controllers";
			sourceTree = "<group>";
		};
		A83C4018148F0B8C00308FD4 = {
			isa = PBXGroup;
			children = (
				A83C402D148F0B8C00308FD4 /* Super Splits */,
				A83C404A148F0B8D00308FD4 /* Super SplitsTests */,
				A83C4026148F0B8C00308FD4 /* Frameworks */,
				A83C4024148F0B8C00308FD4 /* Products */,
			);
			sourceTree = "<group>";
		};
		A83C4024148F0B8C00308FD4 /* Products */ = {
			isa = PBXGroup;
			children = (
				A83C4023148F0B8C00308FD4 /* Super Splits.app */,
				A83C4044148F0B8D00308FD4 /* Super SplitsTests.octest */,
			);
			name = Products;
			sourceTree = "<group>";
		};
		A83C4026148F0B8C00308FD4 /* Frameworks */ = {
			isa = PBXGroup;
			children = (
				A83C4027148F0B8C00308FD4 /* Cocoa.framework */,
				B929E80D14908626009EB322 /* Carbon.framework */,
				A83C4045148F0B8D00308FD4 /* SenTestingKit.framework */,
				A83C4029148F0B8C00308FD4 /* Other Frameworks */,
			);
			name = Frameworks;
			sourceTree = "<group>";
		};
		A83C4029148F0B8C00308FD4 /* Other Frameworks */ = {
			isa = PBXGroup;
			children = (
				A83C402A148F0B8C00308FD4 /* AppKit.framework */,
				A83C402B148F0B8C00308FD4 /* CoreData.framework */,
				A83C402C148F0B8C00308FD4 /* Foundation.framework */,
			);
			name = "Other Frameworks";
			sourceTree = "<group>";
		};
		A83C402D148F0B8C00308FD4 /* Super Splits */ = {
			isa = PBXGroup;
			children = (
				A82F31FC149094DB00DDEBF2 /* Controller */,
				A82F31FA149094A700DDEBF2 /* Model */,
				A83C402E148F0B8C00308FD4 /* Supporting Files */,
				A82F31FB149094CC00DDEBF2 /* View */,
				A82F32501490C7A700DDEBF2 /* Window Controllers */,
			);
			path = "Super Splits";
			sourceTree = "<group>";
		};
		A83C402E148F0B8C00308FD4 /* Supporting Files */ = {
			isa = PBXGroup;
			children = (
				A887054A14901946002482E8 /* icon.icns */,
				A83C402F148F0B8C00308FD4 /* Super Splits-Info.plist */,
				A83C4030148F0B8C00308FD4 /* InfoPlist.strings */,
				A83C4033148F0B8C00308FD4 /* main.m */,
				A83C4035148F0B8C00308FD4 /* Super Splits-Prefix.pch */,
				A83C4036148F0B8C00308FD4 /* Credits.rtf */,
			);
			name = "Supporting Files";
			sourceTree = "<group>";
		};
		A83C404A148F0B8D00308FD4 /* Super SplitsTests */ = {
			isa = PBXGroup;
			children = (
				A83C4050148F0B8D00308FD4 /* Super_SplitsTests.h */,
				A83C4051148F0B8D00308FD4 /* Super_SplitsTests.m */,
				A83C404B148F0B8D00308FD4 /* Supporting Files */,
			);
			path = "Super SplitsTests";
			sourceTree = "<group>";
		};
		A83C404B148F0B8D00308FD4 /* Supporting Files */ = {
			isa = PBXGroup;
			children = (
				A83C404C148F0B8D00308FD4 /* Super SplitsTests-Info.plist */,
				A83C404D148F0B8D00308FD4 /* InfoPlist.strings */,
			);
			name = "Supporting Files";
			sourceTree = "<group>";
		};
/* End PBXGroup section */

/* Begin PBXNativeTarget section */
		A83C4022148F0B8C00308FD4 /* Super Splits */ = {
			isa = PBXNativeTarget;
			buildConfigurationList = A83C4055148F0B8D00308FD4 /* Build configuration list for PBXNativeTarget "Super Splits" */;
			buildPhases = (
				A83C401F148F0B8C00308FD4 /* Sources */,
				A83C4020148F0B8C00308FD4 /* Frameworks */,
				A83C4021148F0B8C00308FD4 /* Resources */,
			);
			buildRules = (
			);
			dependencies = (
			);
			name = "Super Splits";
			productName = "Super Splits";
			productReference = A83C4023148F0B8C00308FD4 /* Super Splits.app */;
			productType = "com.apple.product-type.application";
		};
		A83C4043148F0B8D00308FD4 /* Super SplitsTests */ = {
			isa = PBXNativeTarget;
			buildConfigurationList = A83C4058148F0B8D00308FD4 /* Build configuration list for PBXNativeTarget "Super SplitsTests" */;
			buildPhases = (
				A83C403F148F0B8D00308FD4 /* Sources */,
				A83C4040148F0B8D00308FD4 /* Frameworks */,
				A83C4041148F0B8D00308FD4 /* Resources */,
				A83C4042148F0B8D00308FD4 /* ShellScript */,
			);
			buildRules = (
			);
			dependencies = (
				A83C4049148F0B8D00308FD4 /* PBXTargetDependency */,
			);
			name = "Super SplitsTests";
			productName = "Super SplitsTests";
			productReference = A83C4044148F0B8D00308FD4 /* Super SplitsTests.octest */;
			productType = "com.apple.product-type.bundle";
		};
/* End PBXNativeTarget section */

/* Begin PBXProject section */
		A83C401A148F0B8C00308FD4 /* Project object */ = {
			isa = PBXProject;
			attributes = {
				LastUpgradeCheck = 0420;
				ORGANIZATIONNAME = Google;
			};
			buildConfigurationList = A83C401D148F0B8C00308FD4 /* Build configuration list for PBXProject "Super Splits" */;
			compatibilityVersion = "Xcode 3.2";
			developmentRegion = English;
			hasScannedForEncodings = 0;
			knownRegions = (
				en,
			);
			mainGroup = A83C4018148F0B8C00308FD4;
			productRefGroup = A83C4024148F0B8C00308FD4 /* Products */;
			projectDirPath = "";
			projectRoot = "";
			targets = (
				A83C4022148F0B8C00308FD4 /* Super Splits */,
				A83C4043148F0B8D00308FD4 /* Super SplitsTests */,
			);
		};
/* End PBXProject section */

/* Begin PBXResourcesBuildPhase section */
		A83C4021148F0B8C00308FD4 /* Resources */ = {
			isa = PBXResourcesBuildPhase;
			buildActionMask = 2147483647;
			files = (
				A83C4032148F0B8C00308FD4 /* InfoPlist.strings in Resources */,
				A83C4038148F0B8C00308FD4 /* Credits.rtf in Resources */,
				A83C403E148F0B8D00308FD4 /* MainMenu.xib in Resources */,
				A82F31DA148F694E00DDEBF2 /* MainWindow.xib in Resources */,
				A887054B14901946002482E8 /* icon.icns in Resources */,
				A82F31FE1490953500DDEBF2 /* DebugWindow.xib in Resources */,
				A82F32491490BBC300DDEBF2 /* HistoryWindow.xib in Resources */,
			);
			runOnlyForDeploymentPostprocessing = 0;
		};
		A83C4041148F0B8D00308FD4 /* Resources */ = {
			isa = PBXResourcesBuildPhase;
			buildActionMask = 2147483647;
			files = (
				A83C404F148F0B8D00308FD4 /* InfoPlist.strings in Resources */,
			);
			runOnlyForDeploymentPostprocessing = 0;
		};
/* End PBXResourcesBuildPhase section */

/* Begin PBXShellScriptBuildPhase section */
		A83C4042148F0B8D00308FD4 /* ShellScript */ = {
			isa = PBXShellScriptBuildPhase;
			buildActionMask = 2147483647;
			files = (
			);
			inputPaths = (
			);
			outputPaths = (
			);
			runOnlyForDeploymentPostprocessing = 0;
			shellPath = /bin/sh;
			shellScript = "# Run the unit tests in this test bundle.\n\"${SYSTEM_DEVELOPER_DIR}/Tools/RunUnitTests\"\n";
		};
/* End PBXShellScriptBuildPhase section */

/* Begin PBXSourcesBuildPhase section */
		A83C401F148F0B8C00308FD4 /* Sources */ = {
			isa = PBXSourcesBuildPhase;
			buildActionMask = 2147483647;
			files = (
				A83C4034148F0B8C00308FD4 /* main.m in Sources */,
				A83C403B148F0B8C00308FD4 /* SSAppDelegate.m in Sources */,
				A83C4061148F311200308FD4 /* SSMainController.m in Sources */,
				A83C4079148F688400308FD4 /* SSTimerWindowController.m in Sources */,
				A82F31DE148F772100DDEBF2 /* SSTimeIntervalFormatter.m in Sources */,
				A82F31EE1490820900DDEBF2 /* SSWindowImageSource.m in Sources */,
				A82F31F91490948C00DDEBF2 /* SSDebugWindowController.m in Sources */,
				A82F32471490B87500DDEBF2 /* Super Splits.xcdatamodeld in Sources */,
				A82F324C1490BF8900DDEBF2 /* SSHistoryWindowController.m in Sources */,
				A82F324F1490C01000DDEBF2 /* SSCoreDataController.m in Sources */,
				A8070E831492FEDE00167ABD /* SSRunController.m in Sources */,
				A839FA98149364600003B4B1 /* SSTimeDeltaFormatter.m in Sources */,
				A839FAA4149404C30003B4B1 /* SSMetroidFrame.m in Sources */,
				A816D84014983DF900EBA19B /* SSSplit.m in Sources */,
				A816D8471499D2F700EBA19B /* SSBlackView.m in Sources */,
			);
			runOnlyForDeploymentPostprocessing = 0;
		};
		A83C403F148F0B8D00308FD4 /* Sources */ = {
			isa = PBXSourcesBuildPhase;
			buildActionMask = 2147483647;
			files = (
				A83C4052148F0B8D00308FD4 /* Super_SplitsTests.m in Sources */,
			);
			runOnlyForDeploymentPostprocessing = 0;
		};
/* End PBXSourcesBuildPhase section */

/* Begin PBXTargetDependency section */
		A83C4049148F0B8D00308FD4 /* PBXTargetDependency */ = {
			isa = PBXTargetDependency;
			target = A83C4022148F0B8C00308FD4 /* Super Splits */;
			targetProxy = A83C4048148F0B8D00308FD4 /* PBXContainerItemProxy */;
		};
/* End PBXTargetDependency section */

/* Begin PBXVariantGroup section */
		A83C4030148F0B8C00308FD4 /* InfoPlist.strings */ = {
			isa = PBXVariantGroup;
			children = (
				A83C4031148F0B8C00308FD4 /* en */,
			);
			name = InfoPlist.strings;
			sourceTree = "<group>";
		};
		A83C4036148F0B8C00308FD4 /* Credits.rtf */ = {
			isa = PBXVariantGroup;
			children = (
				A83C4037148F0B8C00308FD4 /* en */,
			);
			name = Credits.rtf;
			sourceTree = "<group>";
		};
		A83C403C148F0B8D00308FD4 /* MainMenu.xib */ = {
			isa = PBXVariantGroup;
			children = (
				A83C403D148F0B8D00308FD4 /* en */,
			);
			name = MainMenu.xib;
			sourceTree = "<group>";
		};
		A83C404D148F0B8D00308FD4 /* InfoPlist.strings */ = {
			isa = PBXVariantGroup;
			children = (
				A83C404E148F0B8D00308FD4 /* en */,
			);
			name = InfoPlist.strings;
			sourceTree = "<group>";
		};
/* End PBXVariantGroup section */

/* Begin XCBuildConfiguration section */
		A83C4053148F0B8D00308FD4 /* Debug */ = {
			isa = XCBuildConfiguration;
			buildSettings = {
				ALWAYS_SEARCH_USER_PATHS = NO;
				ARCHS = "$(ARCHS_STANDARD_64_BIT)";
				CLANG_ENABLE_OBJC_ARC = YES;
				COPY_PHASE_STRIP = NO;
				GCC_C_LANGUAGE_STANDARD = gnu99;
				GCC_DYNAMIC_NO_PIC = NO;
				GCC_ENABLE_OBJC_EXCEPTIONS = YES;
				GCC_OPTIMIZATION_LEVEL = 0;
				GCC_PREPROCESSOR_DEFINITIONS = (
					"DEBUG=1",
					"$(inherited)",
				);
				GCC_SYMBOLS_PRIVATE_EXTERN = NO;
				GCC_VERSION = com.apple.compilers.llvm.clang.1_0;
				GCC_WARN_64_TO_32_BIT_CONVERSION = YES;
				GCC_WARN_ABOUT_MISSING_PROTOTYPES = YES;
				GCC_WARN_ABOUT_RETURN_TYPE = YES;
				GCC_WARN_UNUSED_VARIABLE = YES;
				MACOSX_DEPLOYMENT_TARGET = 10.7;
				ONLY_ACTIVE_ARCH = YES;
				SDKROOT = macosx;
			};
			name = Debug;
		};
		A83C4054148F0B8D00308FD4 /* Release */ = {
			isa = XCBuildConfiguration;
			buildSettings = {
				ALWAYS_SEARCH_USER_PATHS = NO;
				ARCHS = "$(ARCHS_STANDARD_64_BIT)";
				CLANG_ENABLE_OBJC_ARC = YES;
				COPY_PHASE_STRIP = YES;
				DEBUG_INFORMATION_FORMAT = "dwarf-with-dsym";
				GCC_C_LANGUAGE_STANDARD = gnu99;
				GCC_ENABLE_OBJC_EXCEPTIONS = YES;
				GCC_VERSION = com.apple.compilers.llvm.clang.1_0;
				GCC_WARN_64_TO_32_BIT_CONVERSION = YES;
				GCC_WARN_ABOUT_MISSING_PROTOTYPES = YES;
				GCC_WARN_ABOUT_RETURN_TYPE = YES;
				GCC_WARN_UNUSED_VARIABLE = YES;
				MACOSX_DEPLOYMENT_TARGET = 10.7;
				SDKROOT = macosx;
			};
			name = Release;
		};
		A83C4056148F0B8D00308FD4 /* Debug */ = {
			isa = XCBuildConfiguration;
			buildSettings = {
				GCC_PRECOMPILE_PREFIX_HEADER = YES;
				GCC_PREFIX_HEADER = "Super Splits/Super Splits-Prefix.pch";
				INFOPLIST_FILE = "Super Splits/Super Splits-Info.plist";
				PRODUCT_NAME = "$(TARGET_NAME)";
				WRAPPER_EXTENSION = app;
			};
			name = Debug;
		};
		A83C4057148F0B8D00308FD4 /* Release */ = {
			isa = XCBuildConfiguration;
			buildSettings = {
				GCC_PRECOMPILE_PREFIX_HEADER = YES;
				GCC_PREFIX_HEADER = "Super Splits/Super Splits-Prefix.pch";
				INFOPLIST_FILE = "Super Splits/Super Splits-Info.plist";
				PRODUCT_NAME = "$(TARGET_NAME)";
				WRAPPER_EXTENSION = app;
			};
			name = Release;
		};
		A83C4059148F0B8D00308FD4 /* Debug */ = {
			isa = XCBuildConfiguration;
			buildSettings = {
				BUNDLE_LOADER = "$(BUILT_PRODUCTS_DIR)/Super Splits.app/Contents/MacOS/Super Splits";
				FRAMEWORK_SEARCH_PATHS = "$(DEVELOPER_LIBRARY_DIR)/Frameworks";
				GCC_PRECOMPILE_PREFIX_HEADER = YES;
				GCC_PREFIX_HEADER = "Super Splits/Super Splits-Prefix.pch";
				INFOPLIST_FILE = "Super SplitsTests/Super SplitsTests-Info.plist";
				PRODUCT_NAME = "$(TARGET_NAME)";
				TEST_HOST = "$(BUNDLE_LOADER)";
				WRAPPER_EXTENSION = octest;
			};
			name = Debug;
		};
		A83C405A148F0B8D00308FD4 /* Release */ = {
			isa = XCBuildConfiguration;
			buildSettings = {
				BUNDLE_LOADER = "$(BUILT_PRODUCTS_DIR)/Super Splits.app/Contents/MacOS/Super Splits";
				FRAMEWORK_SEARCH_PATHS = "$(DEVELOPER_LIBRARY_DIR)/Frameworks";
				GCC_PRECOMPILE_PREFIX_HEADER = YES;
				GCC_PREFIX_HEADER = "Super Splits/Super Splits-Prefix.pch";
				INFOPLIST_FILE = "Super SplitsTests/Super SplitsTests-Info.plist";
				PRODUCT_NAME = "$(TARGET_NAME)";
				TEST_HOST = "$(BUNDLE_LOADER)";
				WRAPPER_EXTENSION = octest;
			};
			name = Release;
		};
/* End XCBuildConfiguration section */

/* Begin XCConfigurationList section */
		A83C401D148F0B8C00308FD4 /* Build configuration list for PBXProject "Super Splits" */ = {
			isa = XCConfigurationList;
			buildConfigurations = (
				A83C4053148F0B8D00308FD4 /* Debug */,
				A83C4054148F0B8D00308FD4 /* Release */,
			);
			defaultConfigurationIsVisible = 0;
			defaultConfigurationName = Release;
		};
		A83C4055148F0B8D00308FD4 /* Build configuration list for PBXNativeTarget "Super Splits" */ = {
			isa = XCConfigurationList;
			buildConfigurations = (
				A83C4056148F0B8D00308FD4 /* Debug */,
				A83C4057148F0B8D00308FD4 /* Release */,
			);
			defaultConfigurationIsVisible = 0;
			defaultConfigurationName = Release;
		};
		A83C4058148F0B8D00308FD4 /* Build configuration list for PBXNativeTarget "Super SplitsTests" */ = {
			isa = XCConfigurationList;
			buildConfigurations = (
				A83C4059148F0B8D00308FD4 /* Debug */,
				A83C405A148F0B8D00308FD4 /* Release */,
			);
			defaultConfigurationIsVisible = 0;
			defaultConfigurationName = Release;
		};
/* End XCConfigurationList section */

/* Begin XCVersionGroup section */
		A82F32451490B87500DDEBF2 /* Super Splits.xcdatamodeld */ = {
			isa = XCVersionGroup;
			children = (
				A82F32461490B87500DDEBF2 /* Super Splits.xcdatamodel */,
			);
			currentVersion = A82F32461490B87500DDEBF2 /* Super Splits.xcdatamodel */;
			path = "Super Splits.xcdatamodeld";
			sourceTree = "<group>";
			versionGroupType = wrapper.xcdatamodel;
		};
/* End XCVersionGroup section */
	};
	rootObject = A83C401A148F0B8C00308FD4 /* Project object */;
}
